Microsoft Visual Studio Solution File, Format Version 11.00
# Visual Studio 2008

Project("{7C375024-A704-B036-AB3E-5CB7159A2F3B}") = "VidaU", "Assembly-CSharp-firstpass.csproj", "{7E1F02EA-D4E7-AC87-A896-6F91A6E144F7}"
EndProject
Project("{7C375024-A704-B036-AB3E-5CB7159A2F3B}") = "VidaU", "Assembly-CSharp.csproj", "{748FF2D5-8137-01F4-BBD3-1AF5E962B89A}"
EndProject
Project("{7C375024-A704-B036-AB3E-5CB7159A2F3B}") = "VidaU", "Assembly-UnityScript.unityproj", "{BC318C33-DA55-80A2-CCE3-E872E600AD9D}"
EndProject
Global
	GlobalSection(SolutionConfigurationPlatforms) = preSolution
		Debug|Any CPU = Debug|Any CPU
		Release|Any CPU = Release|Any CPU
	EndGlobalSection
	GlobalSection(ProjectConfigurationPlatforms) = postSolution
		{7E1F02EA-D4E7-AC87-A896-6F91A6E144F7}.Debug|Any CPU.ActiveCfg = Debug|Any CPU
		{7E1F02EA-D4E7-AC87-A896-6F91A6E144F7}.Debug|Any CPU.Build.0 = Debug|Any CPU
		{7E1F02EA-D4E7-AC87-A896-6F91A6E144F7}.Release|Any CPU.ActiveCfg = Release|Any CPU
		{7E1F02EA-D4E7-AC87-A896-6F91A6E144F7}.Release|Any CPU.Build.0 = Release|Any CPU
		{748FF2D5-8137-01F4-BBD3-1AF5E962B89A}.Debug|Any CPU.ActiveCfg = Debug|Any CPU
		{748FF2D5-8137-01F4-BBD3-1AF5E962B89A}.Debug|Any CPU.Build.0 = Debug|Any CPU
		{748FF2D5-8137-01F4-BBD3-1AF5E962B89A}.Release|Any CPU.ActiveCfg = Release|Any CPU
		{748FF2D5-8137-01F4-BBD3-1AF5E962B89A}.Release|Any CPU.Build.0 = Release|Any CPU
		{BC318C33-DA55-80A2-CCE3-E872E600AD9D}.Debug|Any CPU.ActiveCfg = Debug|Any CPU
		{BC318C33-DA55-80A2-CCE3-E872E600AD9D}.Debug|Any CPU.Build.0 = Debug|Any CPU
		{BC318C33-DA55-80A2-CCE3-E872E600AD9D}.Release|Any CPU.ActiveCfg = Release|Any CPU
		{BC318C33-DA55-80A2-CCE3-E872E600AD9D}.Release|Any CPU.Build.0 = Release|Any CPU
	EndGlobalSection
	GlobalSection(SolutionProperties) = preSolution
		HideSolutionNode = FALSE
	EndGlobalSection
																																	GlobalSection(MonoDevelopProperties) = preSolution
		StartupItem = Assembly-CSharp.csproj
		Policies = $0
		$0.TextStylePolicy = $1
		$1.inheritsSet = null
		$1.scope = text/x-csharp
		$0.CSharpFormattingPolicy = $2
		$2.inheritsSet = Mono
		$2.inheritsScope = text/x-csharp
		$2.scope = text/x-csharp
		$0.TextStylePolicy = $3
		$3.FileWidth = 120
		$3.TabWidth = 4
		$3.EolMarker = Unix
		$3.inheritsSet = Mono
		$3.inheritsScope = text/plain
		$3.scope = text/plain
	EndGlobalSection

EndGlobal
